
Microsoft Visual Studio Solution File, Format Version 12.00
# Visual Studio Version 17
VisualStudioVersion = 17.8.34330.188
MinimumVisualStudioVersion = 10.0.40219.1
Project("{FAE04EC0-301F-11D3-BF4B-00C04F79EFBC}") = "Week14", "Week14\Week14.csproj", "{A13BA707-A6A9-4123-9B15-201B1E0EB561}"
EndProject
Global
	GlobalSection(SolutionConfigurationPlatforms) = preSolution
		Debug|Any CPU = Debug|Any CPU
		Release|Any CPU = Release|Any CPU
	EndGlobalSection
	GlobalSection(ProjectConfigurationPlatforms) = postSolution
		{A13BA707-A6A9-4123-9B15-201B1E0EB561}.Debug|Any CPU.ActiveCfg = Debug|Any CPU
		{A13BA707-A6A9-4123-9B15-201B1E0EB561}.Debug|Any CPU.Build.0 = Debug|Any CPU
		{A13BA707-A6A9-4123-9B15-201B1E0EB561}.Release|Any CPU.ActiveCfg = Release|Any CPU
		{A13BA707-A6A9-4123-9B15-201B1E0EB561}.Release|Any CPU.Build.0 = Release|Any CPU
	EndGlobalSection
	GlobalSection(SolutionProperties) = preSolution
		HideSolutionNode = FALSE
	EndGlobalSection
	GlobalSection(ExtensibilityGlobals) = postSolution
		SolutionGuid = {8BB0931A-2AC1-4FA0-9A7C-0E3547F9CEE8}
	EndGlobalSection
EndGlobal
